
Microsoft Visual Studio Solution File, Format Version 12.00
# Visual Studio Version 17
VisualStudioVersion = 17.5.002.0
MinimumVisualStudioVersion = 10.0.40219.1
Project("{9A19103F-16F7-4668-BE54-9A1E7A4F7556}") = "ProxyChker.NET", "ProxyChker.NET.csproj", "{1FBEF31A-0CAC-46CF-9F90-525B70A7A890}"
EndProject
Global
	GlobalSection(SolutionConfigurationPlatforms) = preSolution
		Debug|Any CPU = Debug|Any CPU
		Release|Any CPU = Release|Any CPU
	EndGlobalSection
	GlobalSection(ProjectConfigurationPlatforms) = postSolution
		{1FBEF31A-0CAC-46CF-9F90-525B70A7A890}.Debug|Any CPU.ActiveCfg = Debug|Any CPU
		{1FBEF31A-0CAC-46CF-9F90-525B70A7A890}.Debug|Any CPU.Build.0 = Debug|Any CPU
		{1FBEF31A-0CAC-46CF-9F90-525B70A7A890}.Release|Any CPU.ActiveCfg = Release|Any CPU
		{1FBEF31A-0CAC-46CF-9F90-525B70A7A890}.Release|Any CPU.Build.0 = Release|Any CPU
	EndGlobalSection
	GlobalSection(SolutionProperties) = preSolution
		HideSolutionNode = FALSE
	EndGlobalSection
	GlobalSection(ExtensibilityGlobals) = postSolution
		SolutionGuid = {F723648B-A22C-45C9-A65C-A7BC14AB0E8A}
	EndGlobalSection
EndGlobal
